// !$*UTF8*$!
{
	archiveVersion = 1;
	classes = {
	};
	objectVersion = 46;
	objects = {

/* Begin PBXBuildFile section */
		C30A4A9C1F0B912A007B628F /* BaseDetailNavigationController.swift in Sources */ = {isa = PBXBuildFile; fileRef = C30A4A9B1F0B912A007B628F /* BaseDetailNavigationController.swift */; };
		C30A4A9F1F0B9210007B628F /* TestViewController.swift in Sources */ = {isa = PBXBuildFile; fileRef = C30A4A9D1F0B9210007B628F /* TestViewController.swift */; };
		C30A4AA01F0B9210007B628F /* TestViewController.xib in Resources */ = {isa = PBXBuildFile; fileRef = C30A4A9E1F0B9210007B628F /* TestViewController.xib */; };
		C30E1F051F034E1600658AB2 /* AppDelegate.swift in Sources */ = {isa = PBXBuildFile; fileRef = C30E1F041F034E1600658AB2 /* AppDelegate.swift */; };
		C30E1F0C1F034E1600658AB2 /* Assets.xcassets in Resources */ = {isa = PBXBuildFile; fileRef = C30E1F0B1F034E1600658AB2 /* Assets.xcassets */; };
		C30E1F0F1F034E1600658AB2 /* LaunchScreen.storyboard in Resources */ = {isa = PBXBuildFile; fileRef = C30E1F0D1F034E1600658AB2 /* LaunchScreen.storyboard */; };
		C30E1F1A1F034E1600658AB2 /* PunkTests.swift in Sources */ = {isa = PBXBuildFile; fileRef = C30E1F191F034E1600658AB2 /* PunkTests.swift */; };
		C33113521F0488400058CE7C /* AppStyle.swift in Sources */ = {isa = PBXBuildFile; fileRef = C33113511F0488400058CE7C /* AppStyle.swift */; };
		C33113541F04889F0058CE7C /* UIViewControllerExtension.swift in Sources */ = {isa = PBXBuildFile; fileRef = C33113531F04889F0058CE7C /* UIViewControllerExtension.swift */; };
		C331135A1F048C590058CE7C /* LoadMoreCollectionViewCell.swift in Sources */ = {isa = PBXBuildFile; fileRef = C33113581F048C590058CE7C /* LoadMoreCollectionViewCell.swift */; };
		C331135B1F048C590058CE7C /* LoadMoreCollectionViewCell.xib in Resources */ = {isa = PBXBuildFile; fileRef = C33113591F048C590058CE7C /* LoadMoreCollectionViewCell.xib */; };
		C339CCEF1F053F3800A2C2CA /* PunkRestableServiceTests.swift in Sources */ = {isa = PBXBuildFile; fileRef = C339CCEE1F053F3800A2C2CA /* PunkRestableServiceTests.swift */; };
		C3B749BD1F04271A005ED0E3 /* DetailBeerViewController.swift in Sources */ = {isa = PBXBuildFile; fileRef = C3B749BB1F04271A005ED0E3 /* DetailBeerViewController.swift */; };
		C3B749BE1F04271A005ED0E3 /* DetailBeerViewController.xib in Resources */ = {isa = PBXBuildFile; fileRef = C3B749BC1F04271A005ED0E3 /* DetailBeerViewController.xib */; };
		C3B749C21F042B80005ED0E3 /* EndPoint.strings in Resources */ = {isa = PBXBuildFile; fileRef = C3B749C11F042B80005ED0E3 /* EndPoint.strings */; };
		C3DB675E1F03518B00E2D230 /* R.generated.swift in Sources */ = {isa = PBXBuildFile; fileRef = C3DB675D1F03518B00E2D230 /* R.generated.swift */; };
		C3DB67631F03524500E2D230 /* BeerViewController.swift in Sources */ = {isa = PBXBuildFile; fileRef = C3DB67621F03524500E2D230 /* BeerViewController.swift */; };
		C3DB67671F03527E00E2D230 /* BaseNavigationController.swift in Sources */ = {isa = PBXBuildFile; fileRef = C3DB67661F03527E00E2D230 /* BaseNavigationController.swift */; };
		C3DB676D1F03557D00E2D230 /* BeerCollectionViewCell.swift in Sources */ = {isa = PBXBuildFile; fileRef = C3DB676B1F03557D00E2D230 /* BeerCollectionViewCell.swift */; };
		C3DB676E1F03557D00E2D230 /* BeerCollectionViewCell.xib in Resources */ = {isa = PBXBuildFile; fileRef = C3DB676C1F03557D00E2D230 /* BeerCollectionViewCell.xib */; };
		C3DB67701F0358E000E2D230 /* Beer.swift in Sources */ = {isa = PBXBuildFile; fileRef = C3DB676F1F0358E000E2D230 /* Beer.swift */; };
		C3DB67731F035C2E00E2D230 /* UIViewExtension.swift in Sources */ = {isa = PBXBuildFile; fileRef = C3DB67721F035C2E00E2D230 /* UIViewExtension.swift */; };
		C3DB67751F035F2D00E2D230 /* BeerViewController.xib in Resources */ = {isa = PBXBuildFile; fileRef = C3DB67741F035F2D00E2D230 /* BeerViewController.xib */; };
		C3DB67791F036AA100E2D230 /* Restable.swift in Sources */ = {isa = PBXBuildFile; fileRef = C3DB67771F036AA100E2D230 /* Restable.swift */; };
		C3DB677A1F036AA100E2D230 /* RestableService.swift in Sources */ = {isa = PBXBuildFile; fileRef = C3DB67781F036AA100E2D230 /* RestableService.swift */; };
		C3DB677D1F0373DD00E2D230 /* Beer.strings in Resources */ = {isa = PBXBuildFile; fileRef = C3DB677C1F0373DD00E2D230 /* Beer.strings */; };
		C3DB67811F03AAF100E2D230 /* Castable.swift in Sources */ = {isa = PBXBuildFile; fileRef = C3DB67801F03AAF100E2D230 /* Castable.swift */; };
		CB3DF401AF4B434669B9366F /* Pods_Punk.framework in Frameworks */ = {isa = PBXBuildFile; fileRef = 0EAF4131F4A9242BAB21539D /* Pods_Punk.framework */; };
		EF3905728BE82F38D9A8BE9B /* Pods_PunkTests.framework in Frameworks */ = {isa = PBXBuildFile; fileRef = CEFAC0AD529CABF291461E99 /* Pods_PunkTests.framework */; };
/* End PBXBuildFile section */

/* Begin PBXContainerItemProxy section */
		C30E1F161F034E1600658AB2 /* PBXContainerItemProxy */ = {
			isa = PBXContainerItemProxy;
			containerPortal = C30E1EF91F034E1600658AB2 /* Project object */;
			proxyType = 1;
			remoteGlobalIDString = C30E1F001F034E1600658AB2;
			remoteInfo = Punk;
		};
		C339CCE51F053C0800A2C2CA /* PBXContainerItemProxy */ = {
			isa = PBXContainerItemProxy;
			containerPortal = C30E1EF91F034E1600658AB2 /* Project object */;
			proxyType = 1;
			remoteGlobalIDString = C30E1F001F034E1600658AB2;
			remoteInfo = Punk;
		};
/* End PBXContainerItemProxy section */

/* Begin PBXFileReference section */
		01F536BED8570F7A3C1684F0 /* Pods-PunkTests.debug.xcconfig */ = {isa = PBXFileReference; includeInIndex = 1; lastKnownFileType = text.xcconfig; name = "Pods-PunkTests.debug.xcconfig"; path = "Pods/Target Support Files/Pods-PunkTests/Pods-PunkTests.debug.xcconfig"; sourceTree = "<group>"; };
		09E683380F855C3F91D4B575 /* Pods-PunkTests.release.xcconfig */ = {isa = PBXFileReference; includeInIndex = 1; lastKnownFileType = text.xcconfig; name = "Pods-PunkTests.release.xcconfig"; path = "Pods/Target Support Files/Pods-PunkTests/Pods-PunkTests.release.xcconfig"; sourceTree = "<group>"; };
		0EAF4131F4A9242BAB21539D /* Pods_Punk.framework */ = {isa = PBXFileReference; explicitFileType = wrapper.framework; includeInIndex = 0; path = Pods_Punk.framework; sourceTree = BUILT_PRODUCTS_DIR; };
		418B4A25F0D8FFAC1735E15A /* Pods-Punk.release.xcconfig */ = {isa = PBXFileReference; includeInIndex = 1; lastKnownFileType = text.xcconfig; name = "Pods-Punk.release.xcconfig"; path = "Pods/Target Support Files/Pods-Punk/Pods-Punk.release.xcconfig"; sourceTree = "<group>"; };
		A88FE62557EF4F30475EA9F0 /* Pods-Punk.debug.xcconfig */ = {isa = PBXFileReference; includeInIndex = 1; lastKnownFileType = text.xcconfig; name = "Pods-Punk.debug.xcconfig"; path = "Pods/Target Support Files/Pods-Punk/Pods-Punk.debug.xcconfig"; sourceTree = "<group>"; };
		C30A4A9B1F0B912A007B628F /* BaseDetailNavigationController.swift */ = {isa = PBXFileReference; fileEncoding = 4; lastKnownFileType = sourcecode.swift; path = BaseDetailNavigationController.swift; sourceTree = "<group>"; };
		C30A4A9D1F0B9210007B628F /* TestViewController.swift */ = {isa = PBXFileReference; fileEncoding = 4; lastKnownFileType = sourcecode.swift; path = TestViewController.swift; sourceTree = "<group>"; };
		C30A4A9E1F0B9210007B628F /* TestViewController.xib */ = {isa = PBXFileReference; fileEncoding = 4; lastKnownFileType = file.xib; path = TestViewController.xib; sourceTree = "<group>"; };
		C30E1F011F034E1600658AB2 /* Punk.app */ = {isa = PBXFileReference; explicitFileType = wrapper.application; includeInIndex = 0; path = Punk.app; sourceTree = BUILT_PRODUCTS_DIR; };
		C30E1F041F034E1600658AB2 /* AppDelegate.swift */ = {isa = PBXFileReference; lastKnownFileType = sourcecode.swift; path = AppDelegate.swift; sourceTree = "<group>"; };
		C30E1F0B1F034E1600658AB2 /* Assets.xcassets */ = {isa = PBXFileReference; lastKnownFileType = folder.assetcatalog; path = Assets.xcassets; sourceTree = "<group>"; };
		C30E1F0E1F034E1600658AB2 /* Base */ = {isa = PBXFileReference; lastKnownFileType = file.storyboard; name = Base; path = Base.lproj/LaunchScreen.storyboard; sourceTree = "<group>"; };
		C30E1F101F034E1600658AB2 /* Info.plist */ = {isa = PBXFileReference; lastKnownFileType = text.plist.xml; path = Info.plist; sourceTree = "<group>"; };
		C30E1F151F034E1600658AB2 /* PunkTests.xctest */ = {isa = PBXFileReference; explicitFileType = wrapper.cfbundle; includeInIndex = 0; path = PunkTests.xctest; sourceTree = BUILT_PRODUCTS_DIR; };
		C30E1F191F034E1600658AB2 /* PunkTests.swift */ = {isa = PBXFileReference; lastKnownFileType = sourcecode.swift; path = PunkTests.swift; sourceTree = "<group>"; };
		C30E1F1B1F034E1600658AB2 /* Info.plist */ = {isa = PBXFileReference; lastKnownFileType = text.plist.xml; path = Info.plist; sourceTree = "<group>"; };
		C33113511F0488400058CE7C /* AppStyle.swift */ = {isa = PBXFileReference; fileEncoding = 4; lastKnownFileType = sourcecode.swift; path = AppStyle.swift; sourceTree = "<group>"; };
		C33113531F04889F0058CE7C /* UIViewControllerExtension.swift */ = {isa = PBXFileReference; fileEncoding = 4; lastKnownFileType = sourcecode.swift; path = UIViewControllerExtension.swift; sourceTree = "<group>"; };
		C33113581F048C590058CE7C /* LoadMoreCollectionViewCell.swift */ = {isa = PBXFileReference; fileEncoding = 4; lastKnownFileType = sourcecode.swift; path = LoadMoreCollectionViewCell.swift; sourceTree = "<group>"; };
		C33113591F048C590058CE7C /* LoadMoreCollectionViewCell.xib */ = {isa = PBXFileReference; fileEncoding = 4; lastKnownFileType = file.xib; path = LoadMoreCollectionViewCell.xib; sourceTree = "<group>"; };
		C339CCE01F053C0800A2C2CA /* PunkServiceRequestTests.xctest */ = {isa = PBXFileReference; explicitFileType = wrapper.cfbundle; includeInIndex = 0; path = PunkServiceRequestTests.xctest; sourceTree = BUILT_PRODUCTS_DIR; };
		C339CCE41F053C0800A2C2CA /* Info.plist */ = {isa = PBXFileReference; lastKnownFileType = text.plist.xml; path = Info.plist; sourceTree = "<group>"; };
		C339CCEE1F053F3800A2C2CA /* PunkRestableServiceTests.swift */ = {isa = PBXFileReference; fileEncoding = 4; lastKnownFileType = sourcecode.swift; path = PunkRestableServiceTests.swift; sourceTree = "<group>"; };
		C3B749BB1F04271A005ED0E3 /* DetailBeerViewController.swift */ = {isa = PBXFileReference; fileEncoding = 4; lastKnownFileType = sourcecode.swift; path = DetailBeerViewController.swift; sourceTree = "<group>"; };
		C3B749BC1F04271A005ED0E3 /* DetailBeerViewController.xib */ = {isa = PBXFileReference; fileEncoding = 4; lastKnownFileType = file.xib; path = DetailBeerViewController.xib; sourceTree = "<group>"; };
		C3B749C11F042B80005ED0E3 /* EndPoint.strings */ = {isa = PBXFileReference; fileEncoding = 4; lastKnownFileType = text.plist.strings; path = EndPoint.strings; sourceTree = "<group>"; };
		C3DB675D1F03518B00E2D230 /* R.generated.swift */ = {isa = PBXFileReference; fileEncoding = 4; lastKnownFileType = sourcecode.swift; path = R.generated.swift; sourceTree = SOURCE_ROOT; };
		C3DB67621F03524500E2D230 /* BeerViewController.swift */ = {isa = PBXFileReference; fileEncoding = 4; lastKnownFileType = sourcecode.swift; path = BeerViewController.swift; sourceTree = "<group>"; };
		C3DB67661F03527E00E2D230 /* BaseNavigationController.swift */ = {isa = PBXFileReference; fileEncoding = 4; lastKnownFileType = sourcecode.swift; path = BaseNavigationController.swift; sourceTree = "<group>"; };
		C3DB676B1F03557D00E2D230 /* BeerCollectionViewCell.swift */ = {isa = PBXFileReference; fileEncoding = 4; lastKnownFileType = sourcecode.swift; path = BeerCollectionViewCell.swift; sourceTree = "<group>"; };
		C3DB676C1F03557D00E2D230 /* BeerCollectionViewCell.xib */ = {isa = PBXFileReference; fileEncoding = 4; lastKnownFileType = file.xib; path = BeerCollectionViewCell.xib; sourceTree = "<group>"; };
		C3DB676F1F0358E000E2D230 /* Beer.swift */ = {isa = PBXFileReference; fileEncoding = 4; lastKnownFileType = sourcecode.swift; path = Beer.swift; sourceTree = "<group>"; };
		C3DB67721F035C2E00E2D230 /* UIViewExtension.swift */ = {isa = PBXFileReference; fileEncoding = 4; lastKnownFileType = sourcecode.swift; path = UIViewExtension.swift; sourceTree = "<group>"; };
		C3DB67741F035F2D00E2D230 /* BeerViewController.xib */ = {isa = PBXFileReference; fileEncoding = 4; lastKnownFileType = file.xib; path = BeerViewController.xib; sourceTree = "<group>"; };
		C3DB67771F036AA100E2D230 /* Restable.swift */ = {isa = PBXFileReference; fileEncoding = 4; lastKnownFileType = sourcecode.swift; path = Restable.swift; sourceTree = "<group>"; };
		C3DB67781F036AA100E2D230 /* RestableService.swift */ = {isa = PBXFileReference; fileEncoding = 4; lastKnownFileType = sourcecode.swift; path = RestableService.swift; sourceTree = "<group>"; };
		C3DB677C1F0373DD00E2D230 /* Beer.strings */ = {isa = PBXFileReference; fileEncoding = 4; lastKnownFileType = text.plist.strings; path = Beer.strings; sourceTree = "<group>"; };
		C3DB67801F03AAF100E2D230 /* Castable.swift */ = {isa = PBXFileReference; fileEncoding = 4; lastKnownFileType = sourcecode.swift; path = Castable.swift; sourceTree = "<group>"; };
		CEFAC0AD529CABF291461E99 /* Pods_PunkTests.framework */ = {isa = PBXFileReference; explicitFileType = wrapper.framework; includeInIndex = 0; path = Pods_PunkTests.framework; sourceTree = BUILT_PRODUCTS_DIR; };
/* End PBXFileReference section */

/* Begin PBXFrameworksBuildPhase section */
		C30E1EFE1F034E1600658AB2 /* Frameworks */ = {
			isa = PBXFrameworksBuildPhase;
			buildActionMask = 2147483647;
			files = (
				CB3DF401AF4B434669B9366F /* Pods_Punk.framework in Frameworks */,
			);
			runOnlyForDeploymentPostprocessing = 0;
		};
		C30E1F121F034E1600658AB2 /* Frameworks */ = {
			isa = PBXFrameworksBuildPhase;
			buildActionMask = 2147483647;
			files = (
				EF3905728BE82F38D9A8BE9B /* Pods_PunkTests.framework in Frameworks */,
			);
			runOnlyForDeploymentPostprocessing = 0;
		};
		C339CCDD1F053C0800A2C2CA /* Frameworks */ = {
			isa = PBXFrameworksBuildPhase;
			buildActionMask = 2147483647;
			files = (
			);
			runOnlyForDeploymentPostprocessing = 0;
		};
/* End PBXFrameworksBuildPhase section */

/* Begin PBXGroup section */
		C30E1EF81F034E1600658AB2 = {
			isa = PBXGroup;
			children = (
				C30E1F031F034E1600658AB2 /* Punk */,
				C339CCE11F053C0800A2C2CA /* PunkServiceRequestTests */,
				C30E1F181F034E1600658AB2 /* PunkTests */,
				C30E1F021F034E1600658AB2 /* Products */,
				F8FD8B9F56C9459298E27184 /* Pods */,
				D7108EA9FF380719656B0B58 /* Frameworks */,
			);
			sourceTree = "<group>";
		};
		C30E1F021F034E1600658AB2 /* Products */ = {
			isa = PBXGroup;
			children = (
				C30E1F011F034E1600658AB2 /* Punk.app */,
				C30E1F151F034E1600658AB2 /* PunkTests.xctest */,
				C339CCE01F053C0800A2C2CA /* PunkServiceRequestTests.xctest */,
			);
			name = Products;
			sourceTree = "<group>";
		};
		C30E1F031F034E1600658AB2 /* Punk */ = {
			isa = PBXGroup;
			children = (
				C30E1F0B1F034E1600658AB2 /* Assets.xcassets */,
				C3DB67681F03533C00E2D230 /* Application */,
				C3DB67711F035C1A00E2D230 /* Extensions */,
				C3DB67761F036A6100E2D230 /* Protocols */,
				C3DB67641F03524F00E2D230 /* Commons */,
				C3DB67691F03545800E2D230 /* Models */,
				C3DB675F1F0351A500E2D230 /* Scenes */,
				C30E1F241F034E2A00658AB2 /* Support Files */,
			);
			path = Punk;
			sourceTree = "<group>";
		};
		C30E1F181F034E1600658AB2 /* PunkTests */ = {
			isa = PBXGroup;
			children = (
				C30E1F191F034E1600658AB2 /* PunkTests.swift */,
				C30E1F1B1F034E1600658AB2 /* Info.plist */,
			);
			path = PunkTests;
			sourceTree = "<group>";
		};
		C30E1F241F034E2A00658AB2 /* Support Files */ = {
			isa = PBXGroup;
			children = (
				C3DB675D1F03518B00E2D230 /* R.generated.swift */,
				C30E1F0D1F034E1600658AB2 /* LaunchScreen.storyboard */,
				C30E1F101F034E1600658AB2 /* Info.plist */,
			);
			name = "Support Files";
			sourceTree = "<group>";
		};
		C33113501F04882F0058CE7C /* AppStyle */ = {
			isa = PBXGroup;
			children = (
				C33113511F0488400058CE7C /* AppStyle.swift */,
			);
			name = AppStyle;
			sourceTree = "<group>";
		};
		C33113551F048C240058CE7C /* Views */ = {
			isa = PBXGroup;
			children = (
				C33113581F048C590058CE7C /* LoadMoreCollectionViewCell.swift */,
				C33113591F048C590058CE7C /* LoadMoreCollectionViewCell.xib */,
			);
			name = Views;
			sourceTree = "<group>";
		};
		C339CCE11F053C0800A2C2CA /* PunkServiceRequestTests */ = {
			isa = PBXGroup;
			children = (
				C339CCEB1F053C4700A2C2CA /* Cases */,
				C339CCEA1F053C3200A2C2CA /* Supporting Files */,
			);
			path = PunkServiceRequestTests;
			sourceTree = "<group>";
		};
		C339CCEA1F053C3200A2C2CA /* Supporting Files */ = {
			isa = PBXGroup;
			children = (
				C339CCE41F053C0800A2C2CA /* Info.plist */,
			);
			name = "Supporting Files";
			sourceTree = "<group>";
		};
		C339CCEB1F053C4700A2C2CA /* Cases */ = {
			isa = PBXGroup;
			children = (
				C339CCEE1F053F3800A2C2CA /* PunkRestableServiceTests.swift */,
			);
			name = Cases;
			sourceTree = "<group>";
		};
		C3B749B91F0426F4005ED0E3 /* DetailBeer */ = {
			isa = PBXGroup;
			children = (
				C3B749BA1F042703005ED0E3 /* ViewController */,
			);
			name = DetailBeer;
			sourceTree = "<group>";
		};
		C3B749BA1F042703005ED0E3 /* ViewController */ = {
			isa = PBXGroup;
			children = (
				C3B749BB1F04271A005ED0E3 /* DetailBeerViewController.swift */,
				C3B749BC1F04271A005ED0E3 /* DetailBeerViewController.xib */,
				C30A4A9D1F0B9210007B628F /* TestViewController.swift */,
				C30A4A9E1F0B9210007B628F /* TestViewController.xib */,
			);
			name = ViewController;
			sourceTree = "<group>";
		};
		C3DB675F1F0351A500E2D230 /* Scenes */ = {
			isa = PBXGroup;
			children = (
				C3DB67601F0351E800E2D230 /* HomeBeer */,
				C3B749B91F0426F4005ED0E3 /* DetailBeer */,
			);
			name = Scenes;
			sourceTree = "<group>";
		};
		C3DB67601F0351E800E2D230 /* HomeBeer */ = {
			isa = PBXGroup;
			children = (
				C3DB67611F03520C00E2D230 /* ViewController */,
				C3DB676A1F03554200E2D230 /* Views */,
				C3DB677B1F0373B700E2D230 /* Mixins */,
			);
			name = HomeBeer;
			sourceTree = "<group>";
		};
		C3DB67611F03520C00E2D230 /* ViewController */ = {
			isa = PBXGroup;
			children = (
				C3DB67621F03524500E2D230 /* BeerViewController.swift */,
				C3DB67741F035F2D00E2D230 /* BeerViewController.xib */,
			);
			name = ViewController;
			sourceTree = "<group>";
		};
		C3DB67641F03524F00E2D230 /* Commons */ = {
			isa = PBXGroup;
			children = (
				C3DB67651F03526100E2D230 /* NavigationControllers */,
				C33113551F048C240058CE7C /* Views */,
			);
			name = Commons;
			sourceTree = "<group>";
		};
		C3DB67651F03526100E2D230 /* NavigationControllers */ = {
			isa = PBXGroup;
			children = (
				C3DB67661F03527E00E2D230 /* BaseNavigationController.swift */,
				C30A4A9B1F0B912A007B628F /* BaseDetailNavigationController.swift */,
			);
			name = NavigationControllers;
			sourceTree = "<group>";
		};
		C3DB67681F03533C00E2D230 /* Application */ = {
			isa = PBXGroup;
			children = (
				C30E1F041F034E1600658AB2 /* AppDelegate.swift */,
				C3B749C11F042B80005ED0E3 /* EndPoint.strings */,
				C33113501F04882F0058CE7C /* AppStyle */,
			);
			name = Application;
			sourceTree = "<group>";
		};
		C3DB67691F03545800E2D230 /* Models */ = {
			isa = PBXGroup;
			children = (
				C3DB676F1F0358E000E2D230 /* Beer.swift */,
			);
			name = Models;
			sourceTree = "<group>";
		};
		C3DB676A1F03554200E2D230 /* Views */ = {
			isa = PBXGroup;
			children = (
				C3DB676B1F03557D00E2D230 /* BeerCollectionViewCell.swift */,
				C3DB676C1F03557D00E2D230 /* BeerCollectionViewCell.xib */,
			);
			name = Views;
			sourceTree = "<group>";
		};
		C3DB67711F035C1A00E2D230 /* Extensions */ = {
			isa = PBXGroup;
			children = (
				C33113531F04889F0058CE7C /* UIViewControllerExtension.swift */,
				C3DB67721F035C2E00E2D230 /* UIViewExtension.swift */,
			);
			name = Extensions;
			sourceTree = "<group>";
		};
		C3DB67761F036A6100E2D230 /* Protocols */ = {
			isa = PBXGroup;
			children = (
				C3DB67781F036AA100E2D230 /* RestableService.swift */,
				C3DB67771F036AA100E2D230 /* Restable.swift */,
				C3DB67801F03AAF100E2D230 /* Castable.swift */,
			);
			name = Protocols;
			sourceTree = "<group>";
		};
		C3DB677B1F0373B700E2D230 /* Mixins */ = {
			isa = PBXGroup;
			children = (
				C3DB677C1F0373DD00E2D230 /* Beer.strings */,
			);
			name = Mixins;
			sourceTree = "<group>";
		};
		D7108EA9FF380719656B0B58 /* Frameworks */ = {
			isa = PBXGroup;
			children = (
				0EAF4131F4A9242BAB21539D /* Pods_Punk.framework */,
				CEFAC0AD529CABF291461E99 /* Pods_PunkTests.framework */,
			);
			name = Frameworks;
			sourceTree = "<group>";
		};
		F8FD8B9F56C9459298E27184 /* Pods */ = {
			isa = PBXGroup;
			children = (
				A88FE62557EF4F30475EA9F0 /* Pods-Punk.debug.xcconfig */,
				418B4A25F0D8FFAC1735E15A /* Pods-Punk.release.xcconfig */,
				01F536BED8570F7A3C1684F0 /* Pods-PunkTests.debug.xcconfig */,
				09E683380F855C3F91D4B575 /* Pods-PunkTests.release.xcconfig */,
			);
			name = Pods;
			sourceTree = "<group>";
		};
/* End PBXGroup section */

/* Begin PBXNativeTarget section */
		C30E1F001F034E1600658AB2 /* Punk */ = {
			isa = PBXNativeTarget;
			buildConfigurationList = C30E1F1E1F034E1600658AB2 /* Build configuration list for PBXNativeTarget "Punk" */;
			buildPhases = (
				437DD9C73C8F1AD956B30871 /* [CP] Check Pods Manifest.lock */,
				C30E1EFD1F034E1600658AB2 /* Sources */,
				C30E1EFE1F034E1600658AB2 /* Frameworks */,
				C30E1EFF1F034E1600658AB2 /* Resources */,
				0A57D8FC8ED4AFD8AAB1A652 /* [CP] Embed Pods Frameworks */,
				5A8FEAFEFD91F5F4A9E1792C /* [CP] Copy Pods Resources */,
				C3DB675C1F03514500E2D230 /* R Swift */,
			);
			buildRules = (
			);
			dependencies = (
			);
			name = Punk;
			productName = Punk;
			productReference = C30E1F011F034E1600658AB2 /* Punk.app */;
			productType = "com.apple.product-type.application";
		};
		C30E1F141F034E1600658AB2 /* PunkTests */ = {
			isa = PBXNativeTarget;
			buildConfigurationList = C30E1F211F034E1600658AB2 /* Build configuration list for PBXNativeTarget "PunkTests" */;
			buildPhases = (
				41BCE71D77B2A1EC5B862841 /* [CP] Check Pods Manifest.lock */,
				C30E1F111F034E1600658AB2 /* Sources */,
				C30E1F121F034E1600658AB2 /* Frameworks */,
				C30E1F131F034E1600658AB2 /* Resources */,
				186F59F2D9E1E3732B531CED /* [CP] Embed Pods Frameworks */,
				325CD831CC224397B00A2F96 /* [CP] Copy Pods Resources */,
			);
			buildRules = (
			);
			dependencies = (
				C30E1F171F034E1600658AB2 /* PBXTargetDependency */,
			);
			name = PunkTests;
			productName = PunkTests;
			productReference = C30E1F151F034E1600658AB2 /* PunkTests.xctest */;
			productType = "com.apple.product-type.bundle.unit-test";
		};
		C339CCDF1F053C0800A2C2CA /* PunkServiceRequestTests */ = {
			isa = PBXNativeTarget;
			buildConfigurationList = C339CCE71F053C0800A2C2CA /* Build configuration list for PBXNativeTarget "PunkServiceRequestTests" */;
			buildPhases = (
				C339CCDC1F053C0800A2C2CA /* Sources */,
				C339CCDD1F053C0800A2C2CA /* Frameworks */,
				C339CCDE1F053C0800A2C2CA /* Resources */,
			);
			buildRules = (
			);
			dependencies = (
				C339CCE61F053C0800A2C2CA /* PBXTargetDependency */,
			);
			name = PunkServiceRequestTests;
			productName = PunkServiceRequestTests;
			productReference = C339CCE01F053C0800A2C2CA /* PunkServiceRequestTests.xctest */;
			productType = "com.apple.product-type.bundle.unit-test";
		};
/* End PBXNativeTarget section */

/* Begin PBXProject section */
		C30E1EF91F034E1600658AB2 /* Project object */ = {
			isa = PBXProject;
			attributes = {
				LastSwiftUpdateCheck = 0830;
				LastUpgradeCheck = 0830;
				ORGANIZATIONNAME = "Diego Cavalcante";
				TargetAttributes = {
					C30E1F001F034E1600658AB2 = {
						CreatedOnToolsVersion = 8.3.2;
						ProvisioningStyle = Automatic;
					};
					C30E1F141F034E1600658AB2 = {
						CreatedOnToolsVersion = 8.3.2;
						ProvisioningStyle = Automatic;
						TestTargetID = C30E1F001F034E1600658AB2;
					};
					C339CCDF1F053C0800A2C2CA = {
						CreatedOnToolsVersion = 8.3.2;
						ProvisioningStyle = Automatic;
						TestTargetID = C30E1F001F034E1600658AB2;
					};
				};
			};
			buildConfigurationList = C30E1EFC1F034E1600658AB2 /* Build configuration list for PBXProject "Punk" */;
			compatibilityVersion = "Xcode 3.2";
			developmentRegion = English;
			hasScannedForEncodings = 0;
			knownRegions = (
				en,
				Base,
			);
			mainGroup = C30E1EF81F034E1600658AB2;
			productRefGroup = C30E1F021F034E1600658AB2 /* Products */;
			projectDirPath = "";
			projectRoot = "";
			targets = (
				C30E1F001F034E1600658AB2 /* Punk */,
				C30E1F141F034E1600658AB2 /* PunkTests */,
				C339CCDF1F053C0800A2C2CA /* PunkServiceRequestTests */,
			);
		};
/* End PBXProject section */

/* Begin PBXResourcesBuildPhase section */
		C30E1EFF1F034E1600658AB2 /* Resources */ = {
			isa = PBXResourcesBuildPhase;
			buildActionMask = 2147483647;
			files = (
				C3DB67751F035F2D00E2D230 /* BeerViewController.xib in Resources */,
				C331135B1F048C590058CE7C /* LoadMoreCollectionViewCell.xib in Resources */,
				C3B749C21F042B80005ED0E3 /* EndPoint.strings in Resources */,
				C3B749BE1F04271A005ED0E3 /* DetailBeerViewController.xib in Resources */,
				C30A4AA01F0B9210007B628F /* TestViewController.xib in Resources */,
				C3DB677D1F0373DD00E2D230 /* Beer.strings in Resources */,
				C30E1F0F1F034E1600658AB2 /* LaunchScreen.storyboard in Resources */,
				C3DB676E1F03557D00E2D230 /* BeerCollectionViewCell.xib in Resources */,
				C30E1F0C1F034E1600658AB2 /* Assets.xcassets in Resources */,
			);
			runOnlyForDeploymentPostprocessing = 0;
		};
		C30E1F131F034E1600658AB2 /* Resources */ = {
			isa = PBXResourcesBuildPhase;
			buildActionMask = 2147483647;
			files = (
			);
			runOnlyForDeploymentPostprocessing = 0;
		};
		C339CCDE1F053C0800A2C2CA /* Resources */ = {
			isa = PBXResourcesBuildPhase;
			buildActionMask = 2147483647;
			files = (
			);
			runOnlyForDeploymentPostprocessing = 0;
		};
/* End PBXResourcesBuildPhase section */

/* Begin PBXShellScriptBuildPhase section */
		0A57D8FC8ED4AFD8AAB1A652 /* [CP] Embed Pods Frameworks */ = {
			isa = PBXShellScriptBuildPhase;
			buildActionMask = 2147483647;
			files = (
			);
			inputPaths = (
			);
			name = "[CP] Embed Pods Frameworks";
			outputPaths = (
			);
			runOnlyForDeploymentPostprocessing = 0;
			shellPath = /bin/sh;
			shellScript = "\"${SRCROOT}/Pods/Target Support Files/Pods-Punk/Pods-Punk-frameworks.sh\"\n";
			showEnvVarsInLog = 0;
		};
		186F59F2D9E1E3732B531CED /* [CP] Embed Pods Frameworks */ = {
			isa = PBXShellScriptBuildPhase;
			buildActionMask = 2147483647;
			files = (
			);
			inputPaths = (
			);
			name = "[CP] Embed Pods Frameworks";
			outputPaths = (
			);
			runOnlyForDeploymentPostprocessing = 0;
			shellPath = /bin/sh;
			shellScript = "\"${SRCROOT}/Pods/Target Support Files/Pods-PunkTests/Pods-PunkTests-frameworks.sh\"\n";
			showEnvVarsInLog = 0;
		};
		325CD831CC224397B00A2F96 /* [CP] Copy Pods Resources */ = {
			isa = PBXShellScriptBuildPhase;
			buildActionMask = 2147483647;
			files = (
			);
			inputPaths = (
			);
			name = "[CP] Copy Pods Resources";
			outputPaths = (
			);
			runOnlyForDeploymentPostprocessing = 0;
			shellPath = /bin/sh;
			shellScript = "\"${SRCROOT}/Pods/Target Support Files/Pods-PunkTests/Pods-PunkTests-resources.sh\"\n";
			showEnvVarsInLog = 0;
		};
		41BCE71D77B2A1EC5B862841 /* [CP] Check Pods Manifest.lock */ = {
			isa = PBXShellScriptBuildPhase;
			buildActionMask = 2147483647;
			files = (
			);
			inputPaths = (
			);
			name = "[CP] Check Pods Manifest.lock";
			outputPaths = (
			);
			runOnlyForDeploymentPostprocessing = 0;
			shellPath = /bin/sh;
			shellScript = "diff \"${PODS_PODFILE_DIR_PATH}/Podfile.lock\" \"${PODS_ROOT}/Manifest.lock\" > /dev/null\nif [ $? != 0 ] ; then\n    # print error to STDERR\n    echo \"error: The sandbox is not in sync with the Podfile.lock. Run 'pod install' or update your CocoaPods installation.\" >&2\n    exit 1\nfi\n";
			showEnvVarsInLog = 0;
		};
		437DD9C73C8F1AD956B30871 /* [CP] Check Pods Manifest.lock */ = {
			isa = PBXShellScriptBuildPhase;
			buildActionMask = 2147483647;
			files = (
			);
			inputPaths = (
			);
			name = "[CP] Check Pods Manifest.lock";
			outputPaths = (
			);
			runOnlyForDeploymentPostprocessing = 0;
			shellPath = /bin/sh;
			shellScript = "diff \"${PODS_PODFILE_DIR_PATH}/Podfile.lock\" \"${PODS_ROOT}/Manifest.lock\" > /dev/null\nif [ $? != 0 ] ; then\n    # print error to STDERR\n    echo \"error: The sandbox is not in sync with the Podfile.lock. Run 'pod install' or update your CocoaPods installation.\" >&2\n    exit 1\nfi\n";
			showEnvVarsInLog = 0;
		};
		5A8FEAFEFD91F5F4A9E1792C /* [CP] Copy Pods Resources */ = {
			isa = PBXShellScriptBuildPhase;
			buildActionMask = 2147483647;
			files = (
			);
			inputPaths = (
			);
			name = "[CP] Copy Pods Resources";
			outputPaths = (
			);
			runOnlyForDeploymentPostprocessing = 0;
			shellPath = /bin/sh;
			shellScript = "\"${SRCROOT}/Pods/Target Support Files/Pods-Punk/Pods-Punk-resources.sh\"\n";
			showEnvVarsInLog = 0;
		};
		C3DB675C1F03514500E2D230 /* R Swift */ = {
			isa = PBXShellScriptBuildPhase;
			buildActionMask = 2147483647;
			files = (
			);
			inputPaths = (
			);
			name = "R Swift";
			outputPaths = (
			);
			runOnlyForDeploymentPostprocessing = 0;
			shellPath = /bin/sh;
			shellScript = "\"$PODS_ROOT/R.swift/rswift\" \"$SRCROOT\"";
		};
/* End PBXShellScriptBuildPhase section */

/* Begin PBXSourcesBuildPhase section */
		C30E1EFD1F034E1600658AB2 /* Sources */ = {
			isa = PBXSourcesBuildPhase;
			buildActionMask = 2147483647;
			files = (
				C3DB67671F03527E00E2D230 /* BaseNavigationController.swift in Sources */,
				C3DB67701F0358E000E2D230 /* Beer.swift in Sources */,
				C30A4A9F1F0B9210007B628F /* TestViewController.swift in Sources */,
				C3DB67811F03AAF100E2D230 /* Castable.swift in Sources */,
				C33113521F0488400058CE7C /* AppStyle.swift in Sources */,
				C331135A1F048C590058CE7C /* LoadMoreCollectionViewCell.swift in Sources */,
				C3DB677A1F036AA100E2D230 /* RestableService.swift in Sources */,
				C3B749BD1F04271A005ED0E3 /* DetailBeerViewController.swift in Sources */,
				C30E1F051F034E1600658AB2 /* AppDelegate.swift in Sources */,
				C3DB67791F036AA100E2D230 /* Restable.swift in Sources */,
				C3DB676D1F03557D00E2D230 /* BeerCollectionViewCell.swift in Sources */,
				C33113541F04889F0058CE7C /* UIViewControllerExtension.swift in Sources */,
				C3DB67731F035C2E00E2D230 /* UIViewExtension.swift in Sources */,
				C3DB675E1F03518B00E2D230 /* R.generated.swift in Sources */,
				C3DB67631F03524500E2D230 /* BeerViewController.swift in Sources */,
				C30A4A9C1F0B912A007B628F /* BaseDetailNavigationController.swift in Sources */,
			);
			runOnlyForDeploymentPostprocessing = 0;
		};
		C30E1F111F034E1600658AB2 /* Sources */ = {
			isa = PBXSourcesBuildPhase;
			buildActionMask = 2147483647;
			files = (
				C30E1F1A1F034E1600658AB2 /* PunkTests.swift in Sources */,
			);
			runOnlyForDeploymentPostprocessing = 0;
		};
		C339CCDC1F053C0800A2C2CA /* Sources */ = {
			isa = PBXSourcesBuildPhase;
			buildActionMask = 2147483647;
			files = (
				C339CCEF1F053F3800A2C2CA /* PunkRestableServiceTests.swift in Sources */,
			);
			runOnlyForDeploymentPostprocessing = 0;
		};
/* End PBXSourcesBuildPhase section */

/* Begin PBXTargetDependency section */
		C30E1F171F034E1600658AB2 /* PBXTargetDependency */ = {
			isa = PBXTargetDependency;
			target = C30E1F001F034E1600658AB2 /* Punk */;
			targetProxy = C30E1F161F034E1600658AB2 /* PBXContainerItemProxy */;
		};
		C339CCE61F053C0800A2C2CA /* PBXTargetDependency */ = {
			isa = PBXTargetDependency;
			target = C30E1F001F034E1600658AB2 /* Punk */;
			targetProxy = C339CCE51F053C0800A2C2CA /* PBXContainerItemProxy */;
		};
/* End PBXTargetDependency section */

/* Begin PBXVariantGroup section */
		C30E1F0D1F034E1600658AB2 /* LaunchScreen.storyboard */ = {
			isa = PBXVariantGroup;
			children = (
				C30E1F0E1F034E1600658AB2 /* Base */,
			);
			name = LaunchScreen.storyboard;
			sourceTree = "<group>";
		};
/* End PBXVariantGroup section */

/* Begin XCBuildConfiguration section */
		C30E1F1C1F034E1600658AB2 /* Debug */ = {
			isa = XCBuildConfiguration;
			buildSettings = {
				ALWAYS_SEARCH_USER_PATHS = NO;
				CLANG_ANALYZER_NONNULL = YES;
				CLANG_ANALYZER_NUMBER_OBJECT_CONVERSION = YES_AGGRESSIVE;
				CLANG_CXX_LANGUAGE_STANDARD = "gnu++0x";
				CLANG_CXX_LIBRARY = "libc++";
				CLANG_ENABLE_MODULES = YES;
				CLANG_ENABLE_OBJC_ARC = YES;
				CLANG_WARN_BOOL_CONVERSION = YES;
				CLANG_WARN_CONSTANT_CONVERSION = YES;
				CLANG_WARN_DIRECT_OBJC_ISA_USAGE = YES_ERROR;
				CLANG_WARN_DOCUMENTATION_COMMENTS = YES;
				CLANG_WARN_EMPTY_BODY = YES;
				CLANG_WARN_ENUM_CONVERSION = YES;
				CLANG_WARN_INFINITE_RECURSION = YES;
				CLANG_WARN_INT_CONVERSION = YES;
				CLANG_WARN_OBJC_ROOT_CLASS = YES_ERROR;
				CLANG_WARN_SUSPICIOUS_MOVE = YES;
				CLANG_WARN_UNREACHABLE_CODE = YES;
				CLANG_WARN__DUPLICATE_METHOD_MATCH = YES;
				"CODE_SIGN_IDENTITY[sdk=iphoneos*]" = "iPhone Developer";
				COPY_PHASE_STRIP = NO;
				DEBUG_INFORMATION_FORMAT = dwarf;
				ENABLE_STRICT_OBJC_MSGSEND = YES;
				ENABLE_TESTABILITY = YES;
				GCC_C_LANGUAGE_STANDARD = gnu99;
				GCC_DYNAMIC_NO_PIC = NO;
				GCC_NO_COMMON_BLOCKS = YES;
				GCC_OPTIMIZATION_LEVEL = 0;
				GCC_PREPROCESSOR_DEFINITIONS = (
					"DEBUG=1",
					"$(inherited)",
				);
				GCC_WARN_64_TO_32_BIT_CONVERSION = YES;
				GCC_WARN_ABOUT_RETURN_TYPE = YES_ERROR;
				GCC_WARN_UNDECLARED_SELECTOR = YES;
				GCC_WARN_UNINITIALIZED_AUTOS = YES_AGGRESSIVE;
				GCC_WARN_UNUSED_FUNCTION = YES;
				GCC_WARN_UNUSED_VARIABLE = YES;
				IPHONEOS_DEPLOYMENT_TARGET = 10.3;
				MTL_ENABLE_DEBUG_INFO = YES;
				ONLY_ACTIVE_ARCH = YES;
				SDKROOT = iphoneos;
				SWIFT_ACTIVE_COMPILATION_CONDITIONS = DEBUG;
				SWIFT_OPTIMIZATION_LEVEL = "-Onone";
			};
			name = Debug;
		};
		C30E1F1D1F034E1600658AB2 /* Release */ = {
			isa = XCBuildConfiguration;
			buildSettings = {
				ALWAYS_SEARCH_USER_PATHS = NO;
				CLANG_ANALYZER_NONNULL = YES;
				CLANG_ANALYZER_NUMBER_OBJECT_CONVERSION = YES_AGGRESSIVE;
				CLANG_CXX_LANGUAGE_STANDARD = "gnu++0x";
				CLANG_CXX_LIBRARY = "libc++";
				CLANG_ENABLE_MODULES = YES;
				CLANG_ENABLE_OBJC_ARC = YES;
				CLANG_WARN_BOOL_CONVERSION = YES;
				CLANG_WARN_CONSTANT_CONVERSION = YES;
				CLANG_WARN_DIRECT_OBJC_ISA_USAGE = YES_ERROR;
				CLANG_WARN_DOCUMENTATION_COMMENTS = YES;
				CLANG_WARN_EMPTY_BODY = YES;
				CLANG_WARN_ENUM_CONVERSION = YES;
				CLANG_WARN_INFINITE_RECURSION = YES;
				CLANG_WARN_INT_CONVERSION = YES;
				CLANG_WARN_OBJC_ROOT_CLASS = YES_ERROR;
				CLANG_WARN_SUSPICIOUS_MOVE = YES;
				CLANG_WARN_UNREACHABLE_CODE = YES;
				CLANG_WARN__DUPLICATE_METHOD_MATCH = YES;
				"CODE_SIGN_IDENTITY[sdk=iphoneos*]" = "iPhone Developer";
				COPY_PHASE_STRIP = NO;
				DEBUG_INFORMATION_FORMAT = "dwarf-with-dsym";
				ENABLE_NS_ASSERTIONS = NO;
				ENABLE_STRICT_OBJC_MSGSEND = YES;
				GCC_C_LANGUAGE_STANDARD = gnu99;
				GCC_NO_COMMON_BLOCKS = YES;
				GCC_WARN_64_TO_32_BIT_CONVERSION = YES;
				GCC_WARN_ABOUT_RETURN_TYPE = YES_ERROR;
				GCC_WARN_UNDECLARED_SELECTOR = YES;
				GCC_WARN_UNINITIALIZED_AUTOS = YES_AGGRESSIVE;
				GCC_WARN_UNUSED_FUNCTION = YES;
				GCC_WARN_UNUSED_VARIABLE = YES;
				IPHONEOS_DEPLOYMENT_TARGET = 10.3;
				MTL_ENABLE_DEBUG_INFO = NO;
				SDKROOT = iphoneos;
				SWIFT_OPTIMIZATION_LEVEL = "-Owholemodule";
				VALIDATE_PRODUCT = YES;
			};
			name = Release;
		};
		C30E1F1F1F034E1600658AB2 /* Debug */ = {
			isa = XCBuildConfiguration;
			baseConfigurationReference = A88FE62557EF4F30475EA9F0 /* Pods-Punk.debug.xcconfig */;
			buildSettings = {
				ASSETCATALOG_COMPILER_APPICON_NAME = AppIcon;
				DEVELOPMENT_TEAM = "";
				INFOPLIST_FILE = Punk/Info.plist;
				LD_RUNPATH_SEARCH_PATHS = "$(inherited) @executable_path/Frameworks";
				PRODUCT_BUNDLE_IDENTIFIER = br.com.diego.costa;
				PRODUCT_NAME = "$(TARGET_NAME)";
				SWIFT_VERSION = 3.0;
			};
			name = Debug;
		};
		C30E1F201F034E1600658AB2 /* Release */ = {
			isa = XCBuildConfiguration;
			baseConfigurationReference = 418B4A25F0D8FFAC1735E15A /* Pods-Punk.release.xcconfig */;
			buildSettings = {
				ASSETCATALOG_COMPILER_APPICON_NAME = AppIcon;
				DEVELOPMENT_TEAM = "";
				INFOPLIST_FILE = Punk/Info.plist;
				LD_RUNPATH_SEARCH_PATHS = "$(inherited) @executable_path/Frameworks";
				PRODUCT_BUNDLE_IDENTIFIER = br.com.diego.costa;
				PRODUCT_NAME = "$(TARGET_NAME)";
				SWIFT_VERSION = 3.0;
			};
			name = Release;
		};
		C30E1F221F034E1600658AB2 /* Debug */ = {
			isa = XCBuildConfiguration;
			baseConfigurationReference = 01F536BED8570F7A3C1684F0 /* Pods-PunkTests.debug.xcconfig */;
			buildSettings = {
				ALWAYS_EMBED_SWIFT_STANDARD_LIBRARIES = YES;
				BUNDLE_LOADER = "$(TEST_HOST)";
				INFOPLIST_FILE = PunkTests/Info.plist;
				LD_RUNPATH_SEARCH_PATHS = "$(inherited) @executable_path/Frameworks @loader_path/Frameworks";
				PRODUCT_BUNDLE_IDENTIFIER = br.com.diego.cavalcante.PunkTests;
				PRODUCT_NAME = "$(TARGET_NAME)";
				SWIFT_VERSION = 3.0;
				TEST_HOST = "$(BUILT_PRODUCTS_DIR)/Punk.app/Punk";
			};
			name = Debug;
		};
		C30E1F231F034E1600658AB2 /* Release */ = {
			isa = XCBuildConfiguration;
			baseConfigurationReference = 09E683380F855C3F91D4B575 /* Pods-PunkTests.release.xcconfig */;
			buildSettings = {
				ALWAYS_EMBED_SWIFT_STANDARD_LIBRARIES = YES;
				BUNDLE_LOADER = "$(TEST_HOST)";
				INFOPLIST_FILE = PunkTests/Info.plist;
				LD_RUNPATH_SEARCH_PATHS = "$(inherited) @executable_path/Frameworks @loader_path/Frameworks";
				PRODUCT_BUNDLE_IDENTIFIER = br.com.diego.cavalcante.PunkTests;
				PRODUCT_NAME = "$(TARGET_NAME)";
				SWIFT_VERSION = 3.0;
				TEST_HOST = "$(BUILT_PRODUCTS_DIR)/Punk.app/Punk";
			};
			name = Release;
		};
		C339CCE81F053C0800A2C2CA /* Debug */ = {
			isa = XCBuildConfiguration;
			buildSettings = {
				BUNDLE_LOADER = "$(TEST_HOST)";
				INFOPLIST_FILE = PunkServiceRequestTests/Info.plist;
				LD_RUNPATH_SEARCH_PATHS = "$(inherited) @executable_path/Frameworks @loader_path/Frameworks";
				PRODUCT_BUNDLE_IDENTIFIER = br.com.diego.cavalcante.PunkServiceRequestTests;
				PRODUCT_NAME = "$(TARGET_NAME)";
				SWIFT_VERSION = 3.0;
				TEST_HOST = "$(BUILT_PRODUCTS_DIR)/Punk.app/Punk";
			};
			name = Debug;
		};
		C339CCE91F053C0800A2C2CA /* Release */ = {
			isa = XCBuildConfiguration;
			buildSettings = {
				BUNDLE_LOADER = "$(TEST_HOST)";
				INFOPLIST_FILE = PunkServiceRequestTests/Info.plist;
				LD_RUNPATH_SEARCH_PATHS = "$(inherited) @executable_path/Frameworks @loader_path/Frameworks";
				PRODUCT_BUNDLE_IDENTIFIER = br.com.diego.cavalcante.PunkServiceRequestTests;
				PRODUCT_NAME = "$(TARGET_NAME)";
				SWIFT_VERSION = 3.0;
				TEST_HOST = "$(BUILT_PRODUCTS_DIR)/Punk.app/Punk";
			};
			name = Release;
		};
/* End XCBuildConfiguration section */

/* Begin XCConfigurationList section */
		C30E1EFC1F034E1600658AB2 /* Build configuration list for PBXProject "Punk" */ = {
			isa = XCConfigurationList;
			buildConfigurations = (
				C30E1F1C1F034E1600658AB2 /* Debug */,
				C30E1F1D1F034E1600658AB2 /* Release */,
			);
			defaultConfigurationIsVisible = 0;
			defaultConfigurationName = Release;
		};
		C30E1F1E1F034E1600658AB2 /* Build configuration list for PBXNativeTarget "Punk" */ = {
			isa = XCConfigurationList;
			buildConfigurations = (
				C30E1F1F1F034E1600658AB2 /* Debug */,
				C30E1F201F034E1600658AB2 /* Release */,
			);
			defaultConfigurationIsVisible = 0;
			defaultConfigurationName = Release;
		};
		C30E1F211F034E1600658AB2 /* Build configuration list for PBXNativeTarget "PunkTests" */ = {
			isa = XCConfigurationList;
			buildConfigurations = (
				C30E1F221F034E1600658AB2 /* Debug */,
				C30E1F231F034E1600658AB2 /* Release */,
			);
			defaultConfigurationIsVisible = 0;
			defaultConfigurationName = Release;
		};
		C339CCE71F053C0800A2C2CA /* Build configuration list for PBXNativeTarget "PunkServiceRequestTests" */ = {
			isa = XCConfigurationList;
			buildConfigurations = (
				C339CCE81F053C0800A2C2CA /* Debug */,
				C339CCE91F053C0800A2C2CA /* Release */,
			);
			defaultConfigurationIsVisible = 0;
			defaultConfigurationName = Release;
		};
/* End XCConfigurationList section */
	};
	rootObject = C30E1EF91F034E1600658AB2 /* Project object */;
}
